
Microsoft Visual Studio Solution File, Format Version 12.00
# Visual Studio 15
VisualStudioVersion = 15.0.28307.106
MinimumVisualStudioVersion = 10.0.40219.1
Project("{2150E333-8FDC-42A3-9474-1A3956D46DE8}") = "10 Core", "10 Core", "{058AFDC2-0EE8-4EF3-AB0B-43A4E63D6C3F}"
EndProject
Project("{2150E333-8FDC-42A3-9474-1A3956D46DE8}") = "20 Infrastructure", "20 Infrastructure", "{4FA46B82-D96F-4182-811C-6CF278445E09}"
EndProject
Project("{2150E333-8FDC-42A3-9474-1A3956D46DE8}") = "40 Tests", "40 Tests", "{8E70162D-B6C9-4D64-BC49-35FB5B3DA597}"
EndProject
Project("{2150E333-8FDC-42A3-9474-1A3956D46DE8}") = "01 Domain", "01 Domain", "{D681BDC4-D231-4DD0-BAC4-5BAE9A52FC5A}"
EndProject
Project("{2150E333-8FDC-42A3-9474-1A3956D46DE8}") = "03 Processes", "03 Processes", "{64AA7758-3439-4902-B4DD-38697FDA5494}"
EndProject
Project("{2150E333-8FDC-42A3-9474-1A3956D46DE8}") = "02 Contracts", "02 Contracts", "{7DCE7332-4F43-44FF-8F92-C24B914A989B}"
EndProject
Project("{2150E333-8FDC-42A3-9474-1A3956D46DE8}") = "02 Worker", "02 Worker", "{DB197D13-C823-43CD-92CF-C9039DEDAE98}"
EndProject
Project("{2150E333-8FDC-42A3-9474-1A3956D46DE8}") = "01 Web", "01 Web", "{D63A5AF8-685A-44F5-AE02-71E51A02F412}"
EndProject
Project("{9A19103F-16F7-4668-BE54-9A1E7A4F7556}") = "App.Core.Domain", "..\10 Core\01 Domain\App.Core.Domain\App.Core.Domain.csproj", "{C648F8A8-53DC-457E-87D8-C4B9770CDCA2}"
EndProject
Project("{9A19103F-16F7-4668-BE54-9A1E7A4F7556}") = "App.Core.Processes", "..\10 Core\03 Processes\App.Core.Processes\App.Core.Processes.csproj", "{BE11431D-414B-4F72-9605-A9B345BB30D5}"
EndProject
Project("{9A19103F-16F7-4668-BE54-9A1E7A4F7556}") = "App.Infrastructure.Repositories", "..\20 Infrastructure\01 Repositories\App.Infrastructure.Repositories\App.Infrastructure.Repositories.csproj", "{5EF5D8D3-B135-4641-B63A-0DBF035B009F}"
EndProject
Project("{9A19103F-16F7-4668-BE54-9A1E7A4F7556}") = "App.Core.Contracts", "..\10 Core\02 Contracts\App.Core.Contracts\App.Core.Contracts.csproj", "{7149EAF2-B0B3-41DE-A419-E1B07C090020}"
EndProject
Project("{9A19103F-16F7-4668-BE54-9A1E7A4F7556}") = "App.Resources", "..\03 Resources\App.Resources\App.Resources.csproj", "{78C008CD-2FF8-4367-9029-6AAE35FE59F9}"
EndProject
Project("{9A19103F-16F7-4668-BE54-9A1E7A4F7556}") = "App.Tests.Integration", "..\40 Tests\App.Tests.Integration\App.Tests.Integration.csproj", "{9FC620F1-E9F3-4C97-AF6A-87F5583AD445}"
EndProject
Project("{9A19103F-16F7-4668-BE54-9A1E7A4F7556}") = "App.Configuration", "..\02 Configuration\App.Configuration\App.Configuration.csproj", "{82AEF908-4E1A-4071-BBBA-02399404F830}"
EndProject
Project("{2150E333-8FDC-42A3-9474-1A3956D46DE8}") = "03 Migrator", "03 Migrator", "{D17A949E-0E01-424D-8C58-E8AA89D07CE4}"
EndProject
Project("{9A19103F-16F7-4668-BE54-9A1E7A4F7556}") = "App.Migrator", "..\30 Hosts\03 Migrator\App.Migrator\App.Migrator.csproj", "{185F9910-AB09-498A-B03C-A06543AFD3D7}"
EndProject
Project("{2150E333-8FDC-42A3-9474-1A3956D46DE8}") = "02 Configuration", "02 Configuration", "{047908C1-BFE3-4685-BCEC-A869211F72E8}"
EndProject
Project("{9A19103F-16F7-4668-BE54-9A1E7A4F7556}") = "App.Web", "..\30 Hosts\01 Web\App.Web\App.Web.csproj", "{2C5938FF-B231-433D-978D-848056B20909}"
EndProject
Project("{9A19103F-16F7-4668-BE54-9A1E7A4F7556}") = "App.Worker", "..\30 Hosts\02 Worker\App.Worker\App.Worker.csproj", "{049B697C-4287-4255-8209-61405B3BB391}"
EndProject
Project("{2150E333-8FDC-42A3-9474-1A3956D46DE8}") = "01 Common", "01 Common", "{06538218-6419-44B9-8B58-60098A636F64}"
EndProject
Project("{9A19103F-16F7-4668-BE54-9A1E7A4F7556}") = "App.Common", "..\01 Common\App.Common\App.Common.csproj", "{581254E2-2003-4213-AC45-F699687AF7BF}"
EndProject
Project("{2150E333-8FDC-42A3-9474-1A3956D46DE8}") = "03 Resources", "03 Resources", "{F83BEFB0-52E6-4127-9344-4DCA569CBC5F}"
EndProject
Project("{2150E333-8FDC-42A3-9474-1A3956D46DE8}") = "03 Integrations", "03 Integrations", "{3A079528-64E2-4F51-8D7D-3F2B702CD5C8}"
EndProject
Project("{2150E333-8FDC-42A3-9474-1A3956D46DE8}") = "30 Hosts", "30 Hosts", "{EA746172-EA07-45AC-B938-BE770D09709C}"
EndProject
Project("{2150E333-8FDC-42A3-9474-1A3956D46DE8}") = "01 Repositories", "01 Repositories", "{C7824519-CE13-47BB-B955-2E0EFF6B8F57}"
EndProject
Project("{9A19103F-16F7-4668-BE54-9A1E7A4F7556}") = "App.Integrations.Example", "..\20 Infrastructure\03 Integrations\App.Integrations.Example\App.Integrations.Example.csproj", "{6918A058-085B-4BA9-8D90-770FC6F3D175}"
EndProject
Global
	GlobalSection(SolutionConfigurationPlatforms) = preSolution
		Debug|Any CPU = Debug|Any CPU
		Release|Any CPU = Release|Any CPU
		Staging|Any CPU = Staging|Any CPU
		Test|Any CPU = Test|Any CPU
	EndGlobalSection
	GlobalSection(ProjectConfigurationPlatforms) = postSolution
		{C648F8A8-53DC-457E-87D8-C4B9770CDCA2}.Debug|Any CPU.ActiveCfg = Debug|Any CPU
		{C648F8A8-53DC-457E-87D8-C4B9770CDCA2}.Debug|Any CPU.Build.0 = Debug|Any CPU
		{C648F8A8-53DC-457E-87D8-C4B9770CDCA2}.Release|Any CPU.ActiveCfg = Release|Any CPU
		{C648F8A8-53DC-457E-87D8-C4B9770CDCA2}.Release|Any CPU.Build.0 = Release|Any CPU
		{C648F8A8-53DC-457E-87D8-C4B9770CDCA2}.Staging|Any CPU.ActiveCfg = Release|Any CPU
		{C648F8A8-53DC-457E-87D8-C4B9770CDCA2}.Staging|Any CPU.Build.0 = Release|Any CPU
		{C648F8A8-53DC-457E-87D8-C4B9770CDCA2}.Test|Any CPU.ActiveCfg = Release|Any CPU
		{C648F8A8-53DC-457E-87D8-C4B9770CDCA2}.Test|Any CPU.Build.0 = Release|Any CPU
		{BE11431D-414B-4F72-9605-A9B345BB30D5}.Debug|Any CPU.ActiveCfg = Debug|Any CPU
		{BE11431D-414B-4F72-9605-A9B345BB30D5}.Debug|Any CPU.Build.0 = Debug|Any CPU
		{BE11431D-414B-4F72-9605-A9B345BB30D5}.Release|Any CPU.ActiveCfg = Release|Any CPU
		{BE11431D-414B-4F72-9605-A9B345BB30D5}.Release|Any CPU.Build.0 = Release|Any CPU
		{BE11431D-414B-4F72-9605-A9B345BB30D5}.Staging|Any CPU.ActiveCfg = Release|Any CPU
		{BE11431D-414B-4F72-9605-A9B345BB30D5}.Staging|Any CPU.Build.0 = Release|Any CPU
		{BE11431D-414B-4F72-9605-A9B345BB30D5}.Test|Any CPU.ActiveCfg = Release|Any CPU
		{BE11431D-414B-4F72-9605-A9B345BB30D5}.Test|Any CPU.Build.0 = Release|Any CPU
		{5EF5D8D3-B135-4641-B63A-0DBF035B009F}.Debug|Any CPU.ActiveCfg = Debug|Any CPU
		{5EF5D8D3-B135-4641-B63A-0DBF035B009F}.Debug|Any CPU.Build.0 = Debug|Any CPU
		{5EF5D8D3-B135-4641-B63A-0DBF035B009F}.Release|Any CPU.ActiveCfg = Release|Any CPU
		{5EF5D8D3-B135-4641-B63A-0DBF035B009F}.Release|Any CPU.Build.0 = Release|Any CPU
		{5EF5D8D3-B135-4641-B63A-0DBF035B009F}.Staging|Any CPU.ActiveCfg = Release|Any CPU
		{5EF5D8D3-B135-4641-B63A-0DBF035B009F}.Staging|Any CPU.Build.0 = Release|Any CPU
		{5EF5D8D3-B135-4641-B63A-0DBF035B009F}.Test|Any CPU.ActiveCfg = Release|Any CPU
		{5EF5D8D3-B135-4641-B63A-0DBF035B009F}.Test|Any CPU.Build.0 = Release|Any CPU
		{7149EAF2-B0B3-41DE-A419-E1B07C090020}.Debug|Any CPU.ActiveCfg = Debug|Any CPU
		{7149EAF2-B0B3-41DE-A419-E1B07C090020}.Debug|Any CPU.Build.0 = Debug|Any CPU
		{7149EAF2-B0B3-41DE-A419-E1B07C090020}.Release|Any CPU.ActiveCfg = Release|Any CPU
		{7149EAF2-B0B3-41DE-A419-E1B07C090020}.Release|Any CPU.Build.0 = Release|Any CPU
		{7149EAF2-B0B3-41DE-A419-E1B07C090020}.Staging|Any CPU.ActiveCfg = Release|Any CPU
		{7149EAF2-B0B3-41DE-A419-E1B07C090020}.Staging|Any CPU.Build.0 = Release|Any CPU
		{7149EAF2-B0B3-41DE-A419-E1B07C090020}.Test|Any CPU.ActiveCfg = Release|Any CPU
		{7149EAF2-B0B3-41DE-A419-E1B07C090020}.Test|Any CPU.Build.0 = Release|Any CPU
		{78C008CD-2FF8-4367-9029-6AAE35FE59F9}.Debug|Any CPU.ActiveCfg = Debug|Any CPU
		{78C008CD-2FF8-4367-9029-6AAE35FE59F9}.Debug|Any CPU.Build.0 = Debug|Any CPU
		{78C008CD-2FF8-4367-9029-6AAE35FE59F9}.Release|Any CPU.ActiveCfg = Release|Any CPU
		{78C008CD-2FF8-4367-9029-6AAE35FE59F9}.Release|Any CPU.Build.0 = Release|Any CPU
		{78C008CD-2FF8-4367-9029-6AAE35FE59F9}.Staging|Any CPU.ActiveCfg = Release|Any CPU
		{78C008CD-2FF8-4367-9029-6AAE35FE59F9}.Staging|Any CPU.Build.0 = Release|Any CPU
		{78C008CD-2FF8-4367-9029-6AAE35FE59F9}.Test|Any CPU.ActiveCfg = Release|Any CPU
		{78C008CD-2FF8-4367-9029-6AAE35FE59F9}.Test|Any CPU.Build.0 = Release|Any CPU
		{9FC620F1-E9F3-4C97-AF6A-87F5583AD445}.Debug|Any CPU.ActiveCfg = Debug|Any CPU
		{9FC620F1-E9F3-4C97-AF6A-87F5583AD445}.Debug|Any CPU.Build.0 = Debug|Any CPU
		{9FC620F1-E9F3-4C97-AF6A-87F5583AD445}.Release|Any CPU.ActiveCfg = Release|Any CPU
		{9FC620F1-E9F3-4C97-AF6A-87F5583AD445}.Release|Any CPU.Build.0 = Release|Any CPU
		{9FC620F1-E9F3-4C97-AF6A-87F5583AD445}.Staging|Any CPU.ActiveCfg = Release|Any CPU
		{9FC620F1-E9F3-4C97-AF6A-87F5583AD445}.Staging|Any CPU.Build.0 = Release|Any CPU
		{9FC620F1-E9F3-4C97-AF6A-87F5583AD445}.Test|Any CPU.ActiveCfg = Release|Any CPU
		{9FC620F1-E9F3-4C97-AF6A-87F5583AD445}.Test|Any CPU.Build.0 = Release|Any CPU
		{82AEF908-4E1A-4071-BBBA-02399404F830}.Debug|Any CPU.ActiveCfg = Debug|Any CPU
		{82AEF908-4E1A-4071-BBBA-02399404F830}.Debug|Any CPU.Build.0 = Debug|Any CPU
		{82AEF908-4E1A-4071-BBBA-02399404F830}.Release|Any CPU.ActiveCfg = Release|Any CPU
		{82AEF908-4E1A-4071-BBBA-02399404F830}.Release|Any CPU.Build.0 = Release|Any CPU
		{82AEF908-4E1A-4071-BBBA-02399404F830}.Staging|Any CPU.ActiveCfg = Release|Any CPU
		{82AEF908-4E1A-4071-BBBA-02399404F830}.Staging|Any CPU.Build.0 = Release|Any CPU
		{82AEF908-4E1A-4071-BBBA-02399404F830}.Test|Any CPU.ActiveCfg = Debug|Any CPU
		{82AEF908-4E1A-4071-BBBA-02399404F830}.Test|Any CPU.Build.0 = Debug|Any CPU
		{185F9910-AB09-498A-B03C-A06543AFD3D7}.Debug|Any CPU.ActiveCfg = Debug|Any CPU
		{185F9910-AB09-498A-B03C-A06543AFD3D7}.Debug|Any CPU.Build.0 = Debug|Any CPU
		{185F9910-AB09-498A-B03C-A06543AFD3D7}.Release|Any CPU.ActiveCfg = Release|Any CPU
		{185F9910-AB09-498A-B03C-A06543AFD3D7}.Release|Any CPU.Build.0 = Release|Any CPU
		{185F9910-AB09-498A-B03C-A06543AFD3D7}.Staging|Any CPU.ActiveCfg = Release|Any CPU
		{185F9910-AB09-498A-B03C-A06543AFD3D7}.Staging|Any CPU.Build.0 = Release|Any CPU
		{185F9910-AB09-498A-B03C-A06543AFD3D7}.Test|Any CPU.ActiveCfg = Release|Any CPU
		{185F9910-AB09-498A-B03C-A06543AFD3D7}.Test|Any CPU.Build.0 = Release|Any CPU
		{2C5938FF-B231-433D-978D-848056B20909}.Debug|Any CPU.ActiveCfg = Debug|Any CPU
		{2C5938FF-B231-433D-978D-848056B20909}.Debug|Any CPU.Build.0 = Debug|Any CPU
		{2C5938FF-B231-433D-978D-848056B20909}.Release|Any CPU.ActiveCfg = Release|Any CPU
		{2C5938FF-B231-433D-978D-848056B20909}.Release|Any CPU.Build.0 = Release|Any CPU
		{2C5938FF-B231-433D-978D-848056B20909}.Staging|Any CPU.ActiveCfg = Debug|Any CPU
		{2C5938FF-B231-433D-978D-848056B20909}.Staging|Any CPU.Build.0 = Debug|Any CPU
		{2C5938FF-B231-433D-978D-848056B20909}.Test|Any CPU.ActiveCfg = Debug|Any CPU
		{2C5938FF-B231-433D-978D-848056B20909}.Test|Any CPU.Build.0 = Debug|Any CPU
		{049B697C-4287-4255-8209-61405B3BB391}.Debug|Any CPU.ActiveCfg = Debug|Any CPU
		{049B697C-4287-4255-8209-61405B3BB391}.Debug|Any CPU.Build.0 = Debug|Any CPU
		{049B697C-4287-4255-8209-61405B3BB391}.Release|Any CPU.ActiveCfg = Release|Any CPU
		{049B697C-4287-4255-8209-61405B3BB391}.Release|Any CPU.Build.0 = Release|Any CPU
		{049B697C-4287-4255-8209-61405B3BB391}.Staging|Any CPU.ActiveCfg = Debug|Any CPU
		{049B697C-4287-4255-8209-61405B3BB391}.Staging|Any CPU.Build.0 = Debug|Any CPU
		{049B697C-4287-4255-8209-61405B3BB391}.Test|Any CPU.ActiveCfg = Debug|Any CPU
		{049B697C-4287-4255-8209-61405B3BB391}.Test|Any CPU.Build.0 = Debug|Any CPU
		{581254E2-2003-4213-AC45-F699687AF7BF}.Debug|Any CPU.ActiveCfg = Debug|Any CPU
		{581254E2-2003-4213-AC45-F699687AF7BF}.Debug|Any CPU.Build.0 = Debug|Any CPU
		{581254E2-2003-4213-AC45-F699687AF7BF}.Release|Any CPU.ActiveCfg = Release|Any CPU
		{581254E2-2003-4213-AC45-F699687AF7BF}.Release|Any CPU.Build.0 = Release|Any CPU
		{581254E2-2003-4213-AC45-F699687AF7BF}.Staging|Any CPU.ActiveCfg = Debug|Any CPU
		{581254E2-2003-4213-AC45-F699687AF7BF}.Staging|Any CPU.Build.0 = Debug|Any CPU
		{581254E2-2003-4213-AC45-F699687AF7BF}.Test|Any CPU.ActiveCfg = Debug|Any CPU
		{581254E2-2003-4213-AC45-F699687AF7BF}.Test|Any CPU.Build.0 = Debug|Any CPU
		{6918A058-085B-4BA9-8D90-770FC6F3D175}.Debug|Any CPU.ActiveCfg = Debug|Any CPU
		{6918A058-085B-4BA9-8D90-770FC6F3D175}.Debug|Any CPU.Build.0 = Debug|Any CPU
		{6918A058-085B-4BA9-8D90-770FC6F3D175}.Release|Any CPU.ActiveCfg = Release|Any CPU
		{6918A058-085B-4BA9-8D90-770FC6F3D175}.Release|Any CPU.Build.0 = Release|Any CPU
		{6918A058-085B-4BA9-8D90-770FC6F3D175}.Staging|Any CPU.ActiveCfg = Release|Any CPU
		{6918A058-085B-4BA9-8D90-770FC6F3D175}.Staging|Any CPU.Build.0 = Release|Any CPU
		{6918A058-085B-4BA9-8D90-770FC6F3D175}.Test|Any CPU.ActiveCfg = Release|Any CPU
		{6918A058-085B-4BA9-8D90-770FC6F3D175}.Test|Any CPU.Build.0 = Release|Any CPU
	EndGlobalSection
	GlobalSection(SolutionProperties) = preSolution
		HideSolutionNode = FALSE
	EndGlobalSection
	GlobalSection(NestedProjects) = preSolution
		{D681BDC4-D231-4DD0-BAC4-5BAE9A52FC5A} = {058AFDC2-0EE8-4EF3-AB0B-43A4E63D6C3F}
		{64AA7758-3439-4902-B4DD-38697FDA5494} = {058AFDC2-0EE8-4EF3-AB0B-43A4E63D6C3F}
		{7DCE7332-4F43-44FF-8F92-C24B914A989B} = {058AFDC2-0EE8-4EF3-AB0B-43A4E63D6C3F}
		{C7824519-CE13-47BB-B955-2E0EFF6B8F57} = {4FA46B82-D96F-4182-811C-6CF278445E09}
		{3A079528-64E2-4F51-8D7D-3F2B702CD5C8} = {4FA46B82-D96F-4182-811C-6CF278445E09}
		{DB197D13-C823-43CD-92CF-C9039DEDAE98} = {EA746172-EA07-45AC-B938-BE770D09709C}
		{D63A5AF8-685A-44F5-AE02-71E51A02F412} = {EA746172-EA07-45AC-B938-BE770D09709C}
		{C648F8A8-53DC-457E-87D8-C4B9770CDCA2} = {D681BDC4-D231-4DD0-BAC4-5BAE9A52FC5A}
		{BE11431D-414B-4F72-9605-A9B345BB30D5} = {64AA7758-3439-4902-B4DD-38697FDA5494}
		{5EF5D8D3-B135-4641-B63A-0DBF035B009F} = {C7824519-CE13-47BB-B955-2E0EFF6B8F57}
		{7149EAF2-B0B3-41DE-A419-E1B07C090020} = {7DCE7332-4F43-44FF-8F92-C24B914A989B}
		{78C008CD-2FF8-4367-9029-6AAE35FE59F9} = {F83BEFB0-52E6-4127-9344-4DCA569CBC5F}
		{9FC620F1-E9F3-4C97-AF6A-87F5583AD445} = {8E70162D-B6C9-4D64-BC49-35FB5B3DA597}
		{82AEF908-4E1A-4071-BBBA-02399404F830} = {047908C1-BFE3-4685-BCEC-A869211F72E8}
		{D17A949E-0E01-424D-8C58-E8AA89D07CE4} = {EA746172-EA07-45AC-B938-BE770D09709C}
		{185F9910-AB09-498A-B03C-A06543AFD3D7} = {D17A949E-0E01-424D-8C58-E8AA89D07CE4}
		{2C5938FF-B231-433D-978D-848056B20909} = {D63A5AF8-685A-44F5-AE02-71E51A02F412}
		{049B697C-4287-4255-8209-61405B3BB391} = {DB197D13-C823-43CD-92CF-C9039DEDAE98}
		{581254E2-2003-4213-AC45-F699687AF7BF} = {06538218-6419-44B9-8B58-60098A636F64}
		{6918A058-085B-4BA9-8D90-770FC6F3D175} = {3A079528-64E2-4F51-8D7D-3F2B702CD5C8}
	EndGlobalSection
	GlobalSection(ExtensibilityGlobals) = postSolution
		SolutionGuid = {658C404F-56B1-4508-B7F4-03069BAEB77D}
	EndGlobalSection
	GlobalSection(SubversionScc) = preSolution
		Svn-Managed = True
		Manager = AnkhSVN - Subversion Support for Visual Studio
	EndGlobalSection
EndGlobal
